
Microsoft Visual Studio Solution File, Format Version 12.00
# Visual Studio Version 16
VisualStudioVersion = 16.0.29613.14
MinimumVisualStudioVersion = 10.0.40219.1
Project("{FAE04EC0-301F-11D3-BF4B-00C04F79EFBC}") = "ConsoleApp24", "ConsoleApp24\ConsoleApp24.csproj", "{7207FCCC-EBA0-4EDF-891C-924A62E300B1}"
EndProject
Project("{FAE04EC0-301F-11D3-BF4B-00C04F79EFBC}") = "WindowsFormsApp11", "WindowsFormsApp11\WindowsFormsApp11.csproj", "{0FFC64B1-AD74-4854-893D-76975FF15ED2}"
EndProject
Project("{FAE04EC0-301F-11D3-BF4B-00C04F79EFBC}") = "ConsoleApp24Tests1", "ConsoleApp24Tests1\ConsoleApp24Tests1.csproj", "{306730F6-7D20-4948-B84C-2F62895AEC4D}"
EndProject
Global
	GlobalSection(SolutionConfigurationPlatforms) = preSolution
		Debug|Any CPU = Debug|Any CPU
		Release|Any CPU = Release|Any CPU
	EndGlobalSection
	GlobalSection(ProjectConfigurationPlatforms) = postSolution
		{7207FCCC-EBA0-4EDF-891C-924A62E300B1}.Debug|Any CPU.ActiveCfg = Debug|Any CPU
		{7207FCCC-EBA0-4EDF-891C-924A62E300B1}.Debug|Any CPU.Build.0 = Debug|Any CPU
		{7207FCCC-EBA0-4EDF-891C-924A62E300B1}.Release|Any CPU.ActiveCfg = Release|Any CPU
		{7207FCCC-EBA0-4EDF-891C-924A62E300B1}.Release|Any CPU.Build.0 = Release|Any CPU
		{0FFC64B1-AD74-4854-893D-76975FF15ED2}.Debug|Any CPU.ActiveCfg = Debug|Any CPU
		{0FFC64B1-AD74-4854-893D-76975FF15ED2}.Debug|Any CPU.Build.0 = Debug|Any CPU
		{0FFC64B1-AD74-4854-893D-76975FF15ED2}.Release|Any CPU.ActiveCfg = Release|Any CPU
		{0FFC64B1-AD74-4854-893D-76975FF15ED2}.Release|Any CPU.Build.0 = Release|Any CPU
		{306730F6-7D20-4948-B84C-2F62895AEC4D}.Debug|Any CPU.ActiveCfg = Debug|Any CPU
		{306730F6-7D20-4948-B84C-2F62895AEC4D}.Debug|Any CPU.Build.0 = Debug|Any CPU
		{306730F6-7D20-4948-B84C-2F62895AEC4D}.Release|Any CPU.ActiveCfg = Release|Any CPU
		{306730F6-7D20-4948-B84C-2F62895AEC4D}.Release|Any CPU.Build.0 = Release|Any CPU
	EndGlobalSection
	GlobalSection(SolutionProperties) = preSolution
		HideSolutionNode = FALSE
	EndGlobalSection
	GlobalSection(ExtensibilityGlobals) = postSolution
		SolutionGuid = {E2949FFF-F39B-4C98-8FCE-009098DC4B66}
	EndGlobalSection
EndGlobal
